
Microsoft Visual Studio Solution File, Format Version 12.00
# Visual Studio Version 16
VisualStudioVersion = 16.0.31829.152
MinimumVisualStudioVersion = 10.0.40219.1
Project("{FAE04EC0-301F-11D3-BF4B-00C04F79EFBC}") = "WindowsFormsApp_myDBAS", "WindowsFormsApp_myDBAS\WindowsFormsApp_myDBAS.csproj", "{E5E05A3A-F7E4-4981-9B48-FD54950C81AD}"
EndProject
Global
	GlobalSection(SolutionConfigurationPlatforms) = preSolution
		Debug|Any CPU = Debug|Any CPU
		Release|Any CPU = Release|Any CPU
	EndGlobalSection
	GlobalSection(ProjectConfigurationPlatforms) = postSolution
		{E5E05A3A-F7E4-4981-9B48-FD54950C81AD}.Debug|Any CPU.ActiveCfg = Debug|Any CPU
		{E5E05A3A-F7E4-4981-9B48-FD54950C81AD}.Debug|Any CPU.Build.0 = Debug|Any CPU
		{E5E05A3A-F7E4-4981-9B48-FD54950C81AD}.Release|Any CPU.ActiveCfg = Release|Any CPU
		{E5E05A3A-F7E4-4981-9B48-FD54950C81AD}.Release|Any CPU.Build.0 = Release|Any CPU
	EndGlobalSection
	GlobalSection(SolutionProperties) = preSolution
		HideSolutionNode = FALSE
	EndGlobalSection
	GlobalSection(ExtensibilityGlobals) = postSolution
		SolutionGuid = {47D44BB1-FDB5-49BE-A4C4-0EE19E7FB10E}
	EndGlobalSection
EndGlobal
